
Microsoft Visual Studio Solution File, Format Version 12.00
# Visual Studio Version 17
VisualStudioVersion = 17.0.32126.317
MinimumVisualStudioVersion = 10.0.40219.1
Project("{FAE04EC0-301F-11D3-BF4B-00C04F79EFBC}") = "Hopital_npgsql", "Hopital_npgsql.csproj", "{D577FB02-F555-40AF-B129-C8F856A7468B}"
EndProject
Global
	GlobalSection(SolutionConfigurationPlatforms) = preSolution
		Debug|Any CPU = Debug|Any CPU
		Release|Any CPU = Release|Any CPU
	EndGlobalSection
	GlobalSection(ProjectConfigurationPlatforms) = postSolution
		{D577FB02-F555-40AF-B129-C8F856A7468B}.Debug|Any CPU.ActiveCfg = Debug|Any CPU
		{D577FB02-F555-40AF-B129-C8F856A7468B}.Debug|Any CPU.Build.0 = Debug|Any CPU
		{D577FB02-F555-40AF-B129-C8F856A7468B}.Release|Any CPU.ActiveCfg = Release|Any CPU
		{D577FB02-F555-40AF-B129-C8F856A7468B}.Release|Any CPU.Build.0 = Release|Any CPU
	EndGlobalSection
	GlobalSection(SolutionProperties) = preSolution
		HideSolutionNode = FALSE
	EndGlobalSection
	GlobalSection(ExtensibilityGlobals) = postSolution
		SolutionGuid = {9A0F9C59-F316-4224-9C0A-F0E0CE257973}
	EndGlobalSection
EndGlobal
